
Microsoft Visual Studio Solution File, Format Version 12.00
Project("{FAE04EC0-301F-11D3-BF4B-00C04F79EFBC}") = "Notegether", "Notegether\Notegether.csproj", "{4CE546AF-E4B2-4E54-BA87-FEEDA1CB41FF}"
EndProject
Global
	GlobalSection(SolutionConfigurationPlatforms) = preSolution
		Debug|Any CPU = Debug|Any CPU
		Release|Any CPU = Release|Any CPU
	EndGlobalSection
	GlobalSection(ProjectConfigurationPlatforms) = postSolution
		{4CE546AF-E4B2-4E54-BA87-FEEDA1CB41FF}.Debug|Any CPU.ActiveCfg = Debug|Any CPU
		{4CE546AF-E4B2-4E54-BA87-FEEDA1CB41FF}.Debug|Any CPU.Build.0 = Debug|Any CPU
		{4CE546AF-E4B2-4E54-BA87-FEEDA1CB41FF}.Release|Any CPU.ActiveCfg = Release|Any CPU
		{4CE546AF-E4B2-4E54-BA87-FEEDA1CB41FF}.Release|Any CPU.Build.0 = Release|Any CPU
	EndGlobalSection
EndGlobal
